{
  "name": "electron-react-boilerplate",
  "version": "4.6.0",
  "lockfileVersion": 2,
  "requires": true,
  "packages": {
    "": {
      "name": "electron-react-boilerplate",
      "version": "4.6.0",
      "hasInstallScript": true,
      "license": "MIT",
      "dependencies": {
        "win32-api": "^9.6.0"
      }
    },
    "node_modules/@types/ffi-napi": {
      "version": "4.0.5",
      "resolved": "https://registry.npmjs.org/@types/ffi-napi/-/ffi-napi-4.0.5.tgz",
      "integrity": "sha512-WDPpCcHaPhHmP1FIw3ds/+OLt8bYQ/h3SO7o+8kH771PL21kHVzTwii7+WyMBXMQrBsR6xVU2y7w+h+9ggpaQw==",
      "dependencies": {
        "@types/node": "*",
        "@types/ref-napi": "*",
        "@types/ref-struct-di": "*"
      }
    },
    "node_modules/@types/node": {
      "version": "17.0.36",
      "resolved": "https://registry.npmjs.org/@types/node/-/node-17.0.36.tgz",
      "integrity": "sha512-V3orv+ggDsWVHP99K3JlwtH20R7J4IhI1Kksgc+64q5VxgfRkQG8Ws3MFm/FZOKDYGy9feGFlZ70/HpCNe9QaA=="
    },
    "node_modules/@types/ref-napi": {
      "version": "1.4.1",
      "resolved": "https://registry.npmjs.org/@types/ref-napi/-/ref-napi-1.4.1.tgz",
      "integrity": "sha512-30A5bpOd+403PJCyyarGH8AOW2IowJ5AZySiGG1B4Sad5CRHt8O+cALEbSUZT+0sE456yAwB2+UjXpH+BIVN1g==",
      "dependencies": {
        "@types/node": "*"
      }
    },
    "node_modules/@types/ref-struct-di": {
      "version": "1.1.6",
      "resolved": "https://registry.npmjs.org/@types/ref-struct-di/-/ref-struct-di-1.1.6.tgz",
      "integrity": "sha512-+Sa2H3ynDYo2ungR3d5kmNetlkAYNqQVjJvs1k7i6zvo7Zu/qb+OsrXU54RuiOYJCwY9piN+hOd4YRRaiEOqgw==",
      "dependencies": {
        "@types/ref-napi": "*"
      }
    },
    "node_modules/@types/ref-union-di": {
      "version": "1.0.3",
      "resolved": "https://registry.npmjs.org/@types/ref-union-di/-/ref-union-di-1.0.3.tgz",
      "integrity": "sha512-eonV03cHemB4w9i5U9oi5DLplpW2gK4pTJPdBAedg8RI/QViJXSnNprBriJ03eb/4qx06gPVGZ3SA2EdGuFGjw==",
      "dependencies": {
        "@types/ref-napi": "*"
      }
    },
    "node_modules/@waiting/shared-types": {
      "version": "3.5.1",
      "resolved": "https://registry.npmjs.org/@waiting/shared-types/-/shared-types-3.5.1.tgz",
      "integrity": "sha512-1l20suOx44W1j3J+jGknc+eGYiqJnuRZyArs+f+ZJrw4FJ4mMtZNthSCbtAZWsyAzBg8jzZ39p07OZPVTAC4Rg==",
      "engines": {
        "node": ">=10.16.0"
      }
    },
    "node_modules/debug": {
      "version": "4.3.4",
      "resolved": "https://registry.npmjs.org/debug/-/debug-4.3.4.tgz",
      "integrity": "sha512-PRWFHuSU3eDtQJPvnNY7Jcket1j0t5OuOsFzPPzsekD52Zl8qUfFIPEiswXqIvHWGVHOgX+7G/vCNNhehwxfkQ==",
      "dependencies": {
        "ms": "2.1.2"
      },
      "engines": {
        "node": ">=6.0"
      },
      "peerDependenciesMeta": {
        "supports-color": {
          "optional": true
        }
      }
    },
    "node_modules/ffi-napi": {
      "version": "3.1.0",
      "resolved": "https://registry.npmjs.org/ffi-napi/-/ffi-napi-3.1.0.tgz",
      "integrity": "sha512-EsHO+sP2p/nUC/3l/l8m9niee1BLm4asUFDzkkBGR4kYVgp2KqdAYUomZhkKtzim4Fq7mcYHjpUaIHsMqs+E1g==",
      "hasInstallScript": true,
      "dependencies": {
        "debug": "^4.1.1",
        "get-uv-event-loop-napi-h": "^1.0.5",
        "node-addon-api": "^2.0.0",
        "node-gyp-build": "^4.2.1",
        "ref-napi": "^2.0.1",
        "ref-struct-di": "^1.1.0"
      },
      "engines": {
        "node": ">=10"
      }
    },
    "node_modules/get-symbol-from-current-process-h": {
      "version": "1.0.2",
      "resolved": "https://registry.npmjs.org/get-symbol-from-current-process-h/-/get-symbol-from-current-process-h-1.0.2.tgz",
      "integrity": "sha512-syloC6fsCt62ELLrr1VKBM1ggOpMdetX9hTrdW77UQdcApPHLmf7CI7OKcN1c9kYuNxKcDe4iJ4FY9sX3aw2xw=="
    },
    "node_modules/get-uv-event-loop-napi-h": {
      "version": "1.0.6",
      "resolved": "https://registry.npmjs.org/get-uv-event-loop-napi-h/-/get-uv-event-loop-napi-h-1.0.6.tgz",
      "integrity": "sha512-t5c9VNR84nRoF+eLiz6wFrEp1SE2Acg0wS+Ysa2zF0eROes+LzOfuTaVHxGy8AbS8rq7FHEJzjnCZo1BupwdJg==",
      "dependencies": {
        "get-symbol-from-current-process-h": "^1.0.1"
      }
    },
    "node_modules/ms": {
      "version": "2.1.2",
      "resolved": "https://registry.npmjs.org/ms/-/ms-2.1.2.tgz",
      "integrity": "sha512-sGkPx+VjMtmA6MX27oA4FBFELFCZZ4S4XqeGOXCv68tT+jb3vk/RyaKWP0PTKyWtmLSM0b+adUTEvbs1PEaH2w=="
    },
    "node_modules/node-addon-api": {
      "version": "2.0.2",
      "resolved": "https://registry.npmjs.org/node-addon-api/-/node-addon-api-2.0.2.tgz",
      "integrity": "sha512-Ntyt4AIXyaLIuMHF6IOoTakB3K+RWxwtsHNRxllEoA6vPwP9o4866g6YWDLUdnucilZhmkxiHwHr11gAENw+QA=="
    },
    "node_modules/node-gyp-build": {
      "version": "4.4.0",
      "resolved": "https://registry.npmjs.org/node-gyp-build/-/node-gyp-build-4.4.0.tgz",
      "integrity": "sha512-amJnQCcgtRVw9SvoebO3BKGESClrfXGCUTX9hSn1OuGQTQBOZmVd0Z0OlecpuRksKvbsUqALE8jls/ErClAPuQ==",
      "bin": {
        "node-gyp-build": "bin.js",
        "node-gyp-build-optional": "optional.js",
        "node-gyp-build-test": "build-test.js"
      }
    },
    "node_modules/ref-napi": {
      "version": "2.1.2",
      "resolved": "https://registry.npmjs.org/ref-napi/-/ref-napi-2.1.2.tgz",
      "integrity": "sha512-aFl+vrIuLWUXMUTQGAwGAuSNLX3Ub5W3iVP8b7KyFFZUdn4+i4U1TXXTop0kCTUfGNu8glBGVz4lowkwMcPVVA==",
      "hasInstallScript": true,
      "dependencies": {
        "debug": "^4.1.1",
        "get-symbol-from-current-process-h": "^1.0.2",
        "node-addon-api": "^2.0.0",
        "node-gyp-build": "^4.2.1"
      },
      "engines": {
        "node": ">= 6.0"
      }
    },
    "node_modules/ref-struct-di": {
      "version": "1.1.1",
      "resolved": "https://registry.npmjs.org/ref-struct-di/-/ref-struct-di-1.1.1.tgz",
      "integrity": "sha512-2Xyn/0Qgz89VT+++WP0sTosdm9oeowLP23wRJYhG4BFdMUrLj3jhwHZNEytYNYgtPKLNTP3KJX4HEgBvM1/Y2g==",
      "dependencies": {
        "debug": "^3.1.0"
      }
    },
    "node_modules/ref-struct-di/node_modules/debug": {
      "version": "3.2.7",
      "resolved": "https://registry.npmjs.org/debug/-/debug-3.2.7.tgz",
      "integrity": "sha512-CFjzYYAi4ThfiQvizrFQevTTXHtnCqWfe7x1AhgEscTz6ZbLbfoLRLPugTQyBth6f8ZERVUSyWHFD/7Wu4t1XQ==",
      "dependencies": {
        "ms": "^2.1.1"
      }
    },
    "node_modules/ref-union-di": {
      "version": "1.0.1",
      "resolved": "https://registry.npmjs.org/ref-union-di/-/ref-union-di-1.0.1.tgz",
      "integrity": "sha512-JWSF2BwNVtCgmEfoDGMh8S1KO07oq+T8L7cBHwcsmQmeXDZd9JNlrxU+ebSHs+jsf0qrqFFWXMCmj94Tcl26TA==",
      "dependencies": {
        "debug": "^3.1.0"
      }
    },
    "node_modules/ref-union-di/node_modules/debug": {
      "version": "3.2.7",
      "resolved": "https://registry.npmjs.org/debug/-/debug-3.2.7.tgz",
      "integrity": "sha512-CFjzYYAi4ThfiQvizrFQevTTXHtnCqWfe7x1AhgEscTz6ZbLbfoLRLPugTQyBth6f8ZERVUSyWHFD/7Wu4t1XQ==",
      "dependencies": {
        "ms": "^2.1.1"
      }
    },
    "node_modules/win32-api": {
      "version": "9.6.0",
      "resolved": "https://registry.npmjs.org/win32-api/-/win32-api-9.6.0.tgz",
      "integrity": "sha512-TN8Tu4qSecavCk5IctcIzDGm9agrmwcS1ieapv7HZmKkJJKXaY0FtPwV1/h1j5Cvt0LBDacaacBqjPk3nigz0g==",
      "os": [
        "win32"
      ],
      "dependencies": {
        "@types/ffi-napi": "*",
        "@types/ref-napi": "^1.4.0",
        "@types/ref-union-di": "^1.0.0",
        "ffi-napi": "^3.0.0",
        "ref-napi": "^2.0.0",
        "ref-union-di": "^1.0.1",
        "win32-def": "^9.4.0"
      },
      "engines": {
        "node": ">=10.16.0"
      }
    },
    "node_modules/win32-def": {
      "version": "9.4.0",
      "resolved": "https://registry.npmjs.org/win32-def/-/win32-def-9.4.0.tgz",
      "integrity": "sha512-jYXv/guKqMPFv0I+3iazkF67lFzODvsmUaZLIIxzHQ057tHls9da5RDeYLQEk+8uPxr+U3f9fi/GNbk0TPD23A==",
      "dependencies": {
        "@waiting/shared-types": "3"
      },
      "engines": {
        "node": ">=10.16.0"
      }
    }
  },
  "dependencies": {
    "@types/ffi-napi": {
      "version": "4.0.5",
      "resolved": "https://registry.npmjs.org/@types/ffi-napi/-/ffi-napi-4.0.5.tgz",
      "integrity": "sha512-WDPpCcHaPhHmP1FIw3ds/+OLt8bYQ/h3SO7o+8kH771PL21kHVzTwii7+WyMBXMQrBsR6xVU2y7w+h+9ggpaQw==",
      "requires": {
        "@types/node": "*",
        "@types/ref-napi": "*",
        "@types/ref-struct-di": "*"
      }
    },
    "@types/node": {
      "version": "17.0.36",
      "resolved": "https://registry.npmjs.org/@types/node/-/node-17.0.36.tgz",
      "integrity": "sha512-V3orv+ggDsWVHP99K3JlwtH20R7J4IhI1Kksgc+64q5VxgfRkQG8Ws3MFm/FZOKDYGy9feGFlZ70/HpCNe9QaA=="
    },
    "@types/ref-napi": {
      "version": "1.4.1",
      "resolved": "https://registry.npmjs.org/@types/ref-napi/-/ref-napi-1.4.1.tgz",
      "integrity": "sha512-30A5bpOd+403PJCyyarGH8AOW2IowJ5AZySiGG1B4Sad5CRHt8O+cALEbSUZT+0sE456yAwB2+UjXpH+BIVN1g==",
      "requires": {
        "@types/node": "*"
      }
    },
    "@types/ref-struct-di": {
      "version": "1.1.6",
      "resolved": "https://registry.npmjs.org/@types/ref-struct-di/-/ref-struct-di-1.1.6.tgz",
      "integrity": "sha512-+Sa2H3ynDYo2ungR3d5kmNetlkAYNqQVjJvs1k7i6zvo7Zu/qb+OsrXU54RuiOYJCwY9piN+hOd4YRRaiEOqgw==",
      "requires": {
        "@types/ref-napi": "*"
      }
    },
    "@types/ref-union-di": {
      "version": "1.0.3",
      "resolved": "https://registry.npmjs.org/@types/ref-union-di/-/ref-union-di-1.0.3.tgz",
      "integrity": "sha512-eonV03cHemB4w9i5U9oi5DLplpW2gK4pTJPdBAedg8RI/QViJXSnNprBriJ03eb/4qx06gPVGZ3SA2EdGuFGjw==",
      "requires": {
        "@types/ref-napi": "*"
      }
    },
    "@waiting/shared-types": {
      "version": "3.5.1",
      "resolved": "https://registry.npmjs.org/@waiting/shared-types/-/shared-types-3.5.1.tgz",
      "integrity": "sha512-1l20suOx44W1j3J+jGknc+eGYiqJnuRZyArs+f+ZJrw4FJ4mMtZNthSCbtAZWsyAzBg8jzZ39p07OZPVTAC4Rg=="
    },
    "debug": {
      "version": "4.3.4",
      "resolved": "https://registry.npmjs.org/debug/-/debug-4.3.4.tgz",
      "integrity": "sha512-PRWFHuSU3eDtQJPvnNY7Jcket1j0t5OuOsFzPPzsekD52Zl8qUfFIPEiswXqIvHWGVHOgX+7G/vCNNhehwxfkQ==",
      "requires": {
        "ms": "2.1.2"
      }
    },
    "ffi-napi": {
      "version": "3.1.0",
      "resolved": "https://registry.npmjs.org/ffi-napi/-/ffi-napi-3.1.0.tgz",
      "integrity": "sha512-EsHO+sP2p/nUC/3l/l8m9niee1BLm4asUFDzkkBGR4kYVgp2KqdAYUomZhkKtzim4Fq7mcYHjpUaIHsMqs+E1g==",
      "requires": {
        "debug": "^4.1.1",
        "get-uv-event-loop-napi-h": "^1.0.5",
        "node-addon-api": "^2.0.0",
        "node-gyp-build": "^4.2.1",
        "ref-napi": "^2.0.1",
        "ref-struct-di": "^1.1.0"
      }
    },
    "get-symbol-from-current-process-h": {
      "version": "1.0.2",
      "resolved": "https://registry.npmjs.org/get-symbol-from-current-process-h/-/get-symbol-from-current-process-h-1.0.2.tgz",
      "integrity": "sha512-syloC6fsCt62ELLrr1VKBM1ggOpMdetX9hTrdW77UQdcApPHLmf7CI7OKcN1c9kYuNxKcDe4iJ4FY9sX3aw2xw=="
    },
    "get-uv-event-loop-napi-h": {
      "version": "1.0.6",
      "resolved": "https://registry.npmjs.org/get-uv-event-loop-napi-h/-/get-uv-event-loop-napi-h-1.0.6.tgz",
      "integrity": "sha512-t5c9VNR84nRoF+eLiz6wFrEp1SE2Acg0wS+Ysa2zF0eROes+LzOfuTaVHxGy8AbS8rq7FHEJzjnCZo1BupwdJg==",
      "requires": {
        "get-symbol-from-current-process-h": "^1.0.1"
      }
    },
    "ms": {
      "version": "2.1.2",
      "resolved": "https://registry.npmjs.org/ms/-/ms-2.1.2.tgz",
      "integrity": "sha512-sGkPx+VjMtmA6MX27oA4FBFELFCZZ4S4XqeGOXCv68tT+jb3vk/RyaKWP0PTKyWtmLSM0b+adUTEvbs1PEaH2w=="
    },
    "node-addon-api": {
      "version": "2.0.2",
      "resolved": "https://registry.npmjs.org/node-addon-api/-/node-addon-api-2.0.2.tgz",
      "integrity": "sha512-Ntyt4AIXyaLIuMHF6IOoTakB3K+RWxwtsHNRxllEoA6vPwP9o4866g6YWDLUdnucilZhmkxiHwHr11gAENw+QA=="
    },
    "node-gyp-build": {
      "version": "4.4.0",
      "resolved": "https://registry.npmjs.org/node-gyp-build/-/node-gyp-build-4.4.0.tgz",
      "integrity": "sha512-amJnQCcgtRVw9SvoebO3BKGESClrfXGCUTX9hSn1OuGQTQBOZmVd0Z0OlecpuRksKvbsUqALE8jls/ErClAPuQ=="
    },
    "ref-napi": {
      "version": "2.1.2",
      "resolved": "https://registry.npmjs.org/ref-napi/-/ref-napi-2.1.2.tgz",
      "integrity": "sha512-aFl+vrIuLWUXMUTQGAwGAuSNLX3Ub5W3iVP8b7KyFFZUdn4+i4U1TXXTop0kCTUfGNu8glBGVz4lowkwMcPVVA==",
      "requires": {
        "debug": "^4.1.1",
        "get-symbol-from-current-process-h": "^1.0.2",
        "node-addon-api": "^2.0.0",
        "node-gyp-build": "^4.2.1"
      }
    },
    "ref-struct-di": {
      "version": "1.1.1",
      "resolved": "https://registry.npmjs.org/ref-struct-di/-/ref-struct-di-1.1.1.tgz",
      "integrity": "sha512-2Xyn/0Qgz89VT+++WP0sTosdm9oeowLP23wRJYhG4BFdMUrLj3jhwHZNEytYNYgtPKLNTP3KJX4HEgBvM1/Y2g==",
      "requires": {
        "debug": "^3.1.0"
      },
      "dependencies": {
        "debug": {
          "version": "3.2.7",
          "resolved": "https://registry.npmjs.org/debug/-/debug-3.2.7.tgz",
          "integrity": "sha512-CFjzYYAi4ThfiQvizrFQevTTXHtnCqWfe7x1AhgEscTz6ZbLbfoLRLPugTQyBth6f8ZERVUSyWHFD/7Wu4t1XQ==",
          "requires": {
            "ms": "^2.1.1"
          }
        }
      }
    },
    "ref-union-di": {
      "version": "1.0.1",
      "resolved": "https://registry.npmjs.org/ref-union-di/-/ref-union-di-1.0.1.tgz",
      "integrity": "sha512-JWSF2BwNVtCgmEfoDGMh8S1KO07oq+T8L7cBHwcsmQmeXDZd9JNlrxU+ebSHs+jsf0qrqFFWXMCmj94Tcl26TA==",
      "requires": {
        "debug": "^3.1.0"
      },
      "dependencies": {
        "debug": {
          "version": "3.2.7",
          "resolved": "https://registry.npmjs.org/debug/-/debug-3.2.7.tgz",
          "integrity": "sha512-CFjzYYAi4ThfiQvizrFQevTTXHtnCqWfe7x1AhgEscTz6ZbLbfoLRLPugTQyBth6f8ZERVUSyWHFD/7Wu4t1XQ==",
          "requires": {
            "ms": "^2.1.1"
          }
        }
      }
    },
    "win32-api": {
      "version": "9.6.0",
      "resolved": "https://registry.npmjs.org/win32-api/-/win32-api-9.6.0.tgz",
      "integrity": "sha512-TN8Tu4qSecavCk5IctcIzDGm9agrmwcS1ieapv7HZmKkJJKXaY0FtPwV1/h1j5Cvt0LBDacaacBqjPk3nigz0g==",
      "requires": {
        "@types/ffi-napi": "*",
        "@types/ref-napi": "^1.4.0",
        "@types/ref-union-di": "^1.0.0",
        "ffi-napi": "^3.0.0",
        "ref-napi": "^2.0.0",
        "ref-union-di": "^1.0.1",
        "win32-def": "^9.4.0"
      }
    },
    "win32-def": {
      "version": "9.4.0",
      "resolved": "https://registry.npmjs.org/win32-def/-/win32-def-9.4.0.tgz",
      "integrity": "sha512-jYXv/guKqMPFv0I+3iazkF67lFzODvsmUaZLIIxzHQ057tHls9da5RDeYLQEk+8uPxr+U3f9fi/GNbk0TPD23A==",
      "requires": {
        "@waiting/shared-types": "3"
      }
    }
  }
}
